PODS:
  - AdColony (4.6.1)
  - AppLovinSDK (10.3.2)
  - FiveAd (2.3.20210524)
  - FluctSDK (6.13.8)
  - FluctSDK-MediationAdapter (6.13.8):
    - FluctSDK-MediationAdapter/AdColony (= 6.13.8)
    - FluctSDK-MediationAdapter/AdCorsa (= 6.13.8)
    - FluctSDK-MediationAdapter/AppLovin (= 6.13.8)
    - FluctSDK-MediationAdapter/Five (= 6.13.8)
    - FluctSDK-MediationAdapter/maio (= 6.13.8)
    - FluctSDK-MediationAdapter/nend (= 6.13.8)
    - FluctSDK-MediationAdapter/Tapjoy (= 6.13.8)
    - FluctSDK-MediationAdapter/UnityAds (= 6.13.8)
  - FluctSDK-MediationAdapter/AdColony (6.13.8):
    - AdColony (>= 4.3.1)
    - FluctSDK (>= 6.12.4)
  - FluctSDK-MediationAdapter/AdCorsa (6.13.8):
    - FluctSDK (>= 6.12.4)
    - GlossomAds (>= 2.2.2)
  - FluctSDK-MediationAdapter/AppLovin (6.13.8):
    - AppLovinSDK (>= 10.0.0)
    - FluctSDK (>= 6.12.4)
  - FluctSDK-MediationAdapter/Five (6.13.8):
    - FiveAd (>= 2.3.20210326)
    - FluctSDK (>= 6.12.4)
  - FluctSDK-MediationAdapter/maio (6.13.8):
    - FluctSDK (>= 6.12.4)
    - MaioSDK (>= 1.5.8)
  - FluctSDK-MediationAdapter/nend (6.13.8):
    - FluctSDK (>= 6.12.4)
    - NendSDK_iOS (>= 7.0.4)
  - FluctSDK-MediationAdapter/Tapjoy (6.13.8):
    - FluctSDK (>= 6.12.4)
    - TapjoySDK (>= 12.8.0)
  - FluctSDK-MediationAdapter/UnityAds (6.13.8):
    - FluctSDK (>= 6.12.4)
    - UnityAds (>= 3.5.1)
  - GlossomAds (2.2.2)
  - MaioSDK (1.5.8)
  - mopub-ios-sdk (5.17.0):
    - mopub-ios-sdk/MoPubSDK (= 5.17.0)
  - mopub-ios-sdk/Core (5.17.0)
  - mopub-ios-sdk/MoPubSDK (5.17.0):
    - mopub-ios-sdk/Core
    - mopub-ios-sdk/NativeAds
  - mopub-ios-sdk/NativeAds (5.17.0):
    - mopub-ios-sdk/Core
  - MoPubMediationAdapterFluct (6.13.8):
    - FluctSDK (>= 6.12.1)
    - mopub-ios-sdk (>= 5.17.0)
  - NendSDK_iOS (7.0.5)
  - TapjoySDK (12.8.1)
  - UnityAds (3.7.2)

DEPENDENCIES:
  - FluctSDK-MediationAdapter
  - mopub-ios-sdk
  - MoPubMediationAdapterFluct

SPEC REPOS:
  https://github.com/CocoaPods/Specs:
    - AdColony
    - AppLovinSDK
    - FiveAd
    - FluctSDK
    - FluctSDK-MediationAdapter
    - GlossomAds
    - MaioSDK
    - mopub-ios-sdk
    - MoPubMediationAdapterFluct
    - NendSDK_iOS
    - TapjoySDK
    - UnityAds

SPEC CHECKSUMS:
  AdColony: 957c975fa756fcdb10a91e8a7d6de4cf5bfc4f78
  AppLovinSDK: 3bbfef1e3ac84d85f556fda26e50f5a70230b970
  FiveAd: 4ac89a81d7b69e8ab5cb76076f85486cecd358ea
  FluctSDK: c834029d514f9a47eca5639389cefce731e942bd
  FluctSDK-MediationAdapter: db9d6fc6e4fa8f2ffcdaac2f27ce970866d5b3a2
  GlossomAds: 1ad4c13430448da5d8acaa2f0595c1189f3af824
  MaioSDK: 873950cab1bdba6dce0b94b82974d6cec8f99368
  mopub-ios-sdk: 36d322902674b79b0560a1cb8d15af0548d364ea
  MoPubMediationAdapterFluct: 811f9ba5784abb40ff1d013ae86be4e8ca76c6e6
  NendSDK_iOS: 99add67e75cffcdfa6e991e24df5d8f027088c5b
  TapjoySDK: 6d344dfb0cd205014c9286580d5c97857b170402
  UnityAds: cca7e2191591e0bb5d45231f012a2c8722c3e686

PODFILE CHECKSUM: 95e81cd19e96d435ba40b256762d1f54e93bc0a6

COCOAPODS: 1.10.1
