PODS:
  - FluctSDK (6.11.4)
  - mopub-ios-sdk (5.14.0):
    - mopub-ios-sdk/MoPubSDK (= 5.14.0)
  - mopub-ios-sdk/Core (5.14.0)
  - mopub-ios-sdk/MoPubSDK (5.14.0):
    - mopub-ios-sdk/Core
    - mopub-ios-sdk/NativeAds
  - mopub-ios-sdk/NativeAds (5.14.0):
    - mopub-ios-sdk/Core
  - MoPubMediationAdapterFluct (6.11.4):
    - FluctSDK (>= 6.6.0)
    - mopub-ios-sdk (>= 5.13.0)

DEPENDENCIES:
  - mopub-ios-sdk
  - MoPubMediationAdapterFluct

SPEC REPOS:
  trunk:
    - FluctSDK
    - mopub-ios-sdk
    - MoPubMediationAdapterFluct

SPEC CHECKSUMS:
  FluctSDK: 0cc31cc3c5f8072481e86b9605baaa89c72d0602
  mopub-ios-sdk: c7d3d8f748b187d94f04c03386a65a782ffc0161
  MoPubMediationAdapterFluct: 5eb68e1b46eaf9decb3f0d845538904887a93761

PODFILE CHECKSUM: f569f00366372829caf2ca42d2e61a1fd483ec11

COCOAPODS: 1.9.3
